Microsoft Visual Studio Solution File, Format Version 12.00
# Visual Studio Version 17
VisualStudioVersion = 17.5.2.0
MinimumVisualStudioVersion = 10.0.40219.1
Project("{FAE04EC0-301F-11D3-BF4B-00C04F79EFBC}") = "Lobby", "Lobby.csproj", "{AABA811D-73C7-0BE4-F935-BC6C4CFC7694}"
EndProject
Global
	GlobalSection(SolutionConfigurationPlatforms) = preSolution
		Debug|Any CPU = Debug|Any CPU
		Release|Any CPU = Release|Any CPU
	EndGlobalSection
	GlobalSection(ProjectConfigurationPlatforms) = postSolution
		{AABA811D-73C7-0BE4-F935-BC6C4CFC7694}.Debug|Any CPU.ActiveCfg = Debug|Any CPU
		{AABA811D-73C7-0BE4-F935-BC6C4CFC7694}.Debug|Any CPU.Build.0 = Debug|Any CPU
		{AABA811D-73C7-0BE4-F935-BC6C4CFC7694}.Release|Any CPU.ActiveCfg = Release|Any CPU
		{AABA811D-73C7-0BE4-F935-BC6C4CFC7694}.Release|Any CPU.Build.0 = Release|Any CPU
	EndGlobalSection
	GlobalSection(SolutionProperties) = preSolution
		HideSolutionNode = FALSE
	EndGlobalSection
	GlobalSection(ExtensibilityGlobals) = postSolution
		SolutionGuid = {92EB0FEC-3C63-4B5D-BE0B-03C863C60A5B}
	EndGlobalSection
EndGlobal
